
Microsoft Visual Studio Solution File, Format Version 12.00
# Visual Studio Version 16
VisualStudioVersion = 16.0.30804.86
MinimumVisualStudioVersion = 10.0.40219.1
Project("{FAE04EC0-301F-11D3-BF4B-00C04F79EFBC}") = "WebApplication2", "WebApplication2\WebApplication2.csproj", "{5C429ECD-69FD-4E0E-968B-40C0A0E14D72}"
EndProject
Global
	GlobalSection(SolutionConfigurationPlatforms) = preSolution
		Debug|Any CPU = Debug|Any CPU
		Release|Any CPU = Release|Any CPU
	EndGlobalSection
	GlobalSection(ProjectConfigurationPlatforms) = postSolution
		{5C429ECD-69FD-4E0E-968B-40C0A0E14D72}.Debug|Any CPU.ActiveCfg = Debug|Any CPU
		{5C429ECD-69FD-4E0E-968B-40C0A0E14D72}.Debug|Any CPU.Build.0 = Debug|Any CPU
		{5C429ECD-69FD-4E0E-968B-40C0A0E14D72}.Release|Any CPU.ActiveCfg = Release|Any CPU
		{5C429ECD-69FD-4E0E-968B-40C0A0E14D72}.Release|Any CPU.Build.0 = Release|Any CPU
	EndGlobalSection
	GlobalSection(SolutionProperties) = preSolution
		HideSolutionNode = FALSE
	EndGlobalSection
	GlobalSection(ExtensibilityGlobals) = postSolution
		SolutionGuid = {28BE887F-4899-4B6D-863C-4A549F331782}
	EndGlobalSection
EndGlobal
