
Microsoft Visual Studio Solution File, Format Version 12.00
# Visual Studio Version 16
VisualStudioVersion = 16.0.30804.86
MinimumVisualStudioVersion = 10.0.40219.1
Project("{FAE04EC0-301F-11D3-BF4B-00C04F79EFBC}") = "Ten_lINQEX", "Ten_lINQEX\Ten_lINQEX.csproj", "{2C3ADD1E-E3B1-4D24-AF5B-EAB8C1F64733}"
EndProject
Global
	GlobalSection(SolutionConfigurationPlatforms) = preSolution
		Debug|Any CPU = Debug|Any CPU
		Release|Any CPU = Release|Any CPU
	EndGlobalSection
	GlobalSection(ProjectConfigurationPlatforms) = postSolution
		{2C3ADD1E-E3B1-4D24-AF5B-EAB8C1F64733}.Debug|Any CPU.ActiveCfg = Debug|Any CPU
		{2C3ADD1E-E3B1-4D24-AF5B-EAB8C1F64733}.Debug|Any CPU.Build.0 = Debug|Any CPU
		{2C3ADD1E-E3B1-4D24-AF5B-EAB8C1F64733}.Release|Any CPU.ActiveCfg = Release|Any CPU
		{2C3ADD1E-E3B1-4D24-AF5B-EAB8C1F64733}.Release|Any CPU.Build.0 = Release|Any CPU
	EndGlobalSection
	GlobalSection(SolutionProperties) = preSolution
		HideSolutionNode = FALSE
	EndGlobalSection
	GlobalSection(ExtensibilityGlobals) = postSolution
		SolutionGuid = {51A7ED42-93DE-4518-8A33-3A20BB10AE32}
	EndGlobalSection
EndGlobal
