
Microsoft Visual Studio Solution File, Format Version 12.00
# Visual Studio Version 16
VisualStudioVersion = 16.0.30804.86
MinimumVisualStudioVersion = 10.0.40219.1
Project("{FAE04EC0-301F-11D3-BF4B-00C04F79EFBC}") = "KotlinApi", "KotlinApi\KotlinApi.csproj", "{CCF7DB74-1A6B-444C-873F-BB2D7F7833C1}"
EndProject
Global
	GlobalSection(SolutionConfigurationPlatforms) = preSolution
		Debug|Any CPU = Debug|Any CPU
		Release|Any CPU = Release|Any CPU
	EndGlobalSection
	GlobalSection(ProjectConfigurationPlatforms) = postSolution
		{CCF7DB74-1A6B-444C-873F-BB2D7F7833C1}.Debug|Any CPU.ActiveCfg = Debug|Any CPU
		{CCF7DB74-1A6B-444C-873F-BB2D7F7833C1}.Debug|Any CPU.Build.0 = Debug|Any CPU
		{CCF7DB74-1A6B-444C-873F-BB2D7F7833C1}.Release|Any CPU.ActiveCfg = Release|Any CPU
		{CCF7DB74-1A6B-444C-873F-BB2D7F7833C1}.Release|Any CPU.Build.0 = Release|Any CPU
	EndGlobalSection
	GlobalSection(SolutionProperties) = preSolution
		HideSolutionNode = FALSE
	EndGlobalSection
	GlobalSection(ExtensibilityGlobals) = postSolution
		SolutionGuid = {008D831C-115E-423E-9A52-DD646F7DB014}
	EndGlobalSection
EndGlobal
