
Microsoft Visual Studio Solution File, Format Version 12.00
# Visual Studio Version 16
VisualStudioVersion = 16.0.30804.86
MinimumVisualStudioVersion = 10.0.40219.1
Project("{FAE04EC0-301F-11D3-BF4B-00C04F79EFBC}") = "APIWebApp2", "APIWebApp2\APIWebApp2.csproj", "{4FF0A662-051C-44A9-AC43-4D5981CF638E}"
EndProject
Global
	GlobalSection(SolutionConfigurationPlatforms) = preSolution
		Debug|Any CPU = Debug|Any CPU
		Release|Any CPU = Release|Any CPU
	EndGlobalSection
	GlobalSection(ProjectConfigurationPlatforms) = postSolution
		{4FF0A662-051C-44A9-AC43-4D5981CF638E}.Debug|Any CPU.ActiveCfg = Debug|Any CPU
		{4FF0A662-051C-44A9-AC43-4D5981CF638E}.Debug|Any CPU.Build.0 = Debug|Any CPU
		{4FF0A662-051C-44A9-AC43-4D5981CF638E}.Release|Any CPU.ActiveCfg = Release|Any CPU
		{4FF0A662-051C-44A9-AC43-4D5981CF638E}.Release|Any CPU.Build.0 = Release|Any CPU
	EndGlobalSection
	GlobalSection(SolutionProperties) = preSolution
		HideSolutionNode = FALSE
	EndGlobalSection
	GlobalSection(ExtensibilityGlobals) = postSolution
		SolutionGuid = {350A63D2-5A9D-490E-A12D-7024EAD42C49}
	EndGlobalSection
EndGlobal
