
Microsoft Visual Studio Solution File, Format Version 12.00
# Visual Studio Version 16
VisualStudioVersion = 16.0.30804.86
MinimumVisualStudioVersion = 10.0.40219.1
Project("{FAE04EC0-301F-11D3-BF4B-00C04F79EFBC}") = "Sql", "Sql.csproj", "{D41F0115-2F6F-4E38-9F78-D767D4DBA8DF}"
EndProject
Global
	GlobalSection(SolutionConfigurationPlatforms) = preSolution
		Debug|Any CPU = Debug|Any CPU
		Release|Any CPU = Release|Any CPU
	EndGlobalSection
	GlobalSection(ProjectConfigurationPlatforms) = postSolution
		{D41F0115-2F6F-4E38-9F78-D767D4DBA8DF}.Debug|Any CPU.ActiveCfg = Debug|Any CPU
		{D41F0115-2F6F-4E38-9F78-D767D4DBA8DF}.Debug|Any CPU.Build.0 = Debug|Any CPU
		{D41F0115-2F6F-4E38-9F78-D767D4DBA8DF}.Release|Any CPU.ActiveCfg = Release|Any CPU
		{D41F0115-2F6F-4E38-9F78-D767D4DBA8DF}.Release|Any CPU.Build.0 = Release|Any CPU
	EndGlobalSection
	GlobalSection(SolutionProperties) = preSolution
		HideSolutionNode = FALSE
	EndGlobalSection
	GlobalSection(ExtensibilityGlobals) = postSolution
		SolutionGuid = {30C1F3FC-9115-4F03-BA7D-F3CFF766339B}
	EndGlobalSection
EndGlobal
