
Microsoft Visual Studio Solution File, Format Version 12.00
# Visual Studio Version 16
VisualStudioVersion = 16.0.30804.86
MinimumVisualStudioVersion = 10.0.40219.1
Project("{FAE04EC0-301F-11D3-BF4B-00C04F79EFBC}") = "Form_validation", "Form_validation\Form_validation.csproj", "{798381C4-642E-40D4-B2BC-957C39EA60F1}"
EndProject
Global
	GlobalSection(SolutionConfigurationPlatforms) = preSolution
		Debug|Any CPU = Debug|Any CPU
		Release|Any CPU = Release|Any CPU
	EndGlobalSection
	GlobalSection(ProjectConfigurationPlatforms) = postSolution
		{798381C4-642E-40D4-B2BC-957C39EA60F1}.Debug|Any CPU.ActiveCfg = Debug|Any CPU
		{798381C4-642E-40D4-B2BC-957C39EA60F1}.Debug|Any CPU.Build.0 = Debug|Any CPU
		{798381C4-642E-40D4-B2BC-957C39EA60F1}.Release|Any CPU.ActiveCfg = Release|Any CPU
		{798381C4-642E-40D4-B2BC-957C39EA60F1}.Release|Any CPU.Build.0 = Release|Any CPU
	EndGlobalSection
	GlobalSection(SolutionProperties) = preSolution
		HideSolutionNode = FALSE
	EndGlobalSection
	GlobalSection(ExtensibilityGlobals) = postSolution
		SolutionGuid = {7482C337-B75B-4F75-B558-882AE4F7CFC0}
	EndGlobalSection
EndGlobal
