
Microsoft Visual Studio Solution File, Format Version 12.00
# Visual Studio Version 16
VisualStudioVersion = 16.0.30804.86
MinimumVisualStudioVersion = 10.0.40219.1
Project("{FAE04EC0-301F-11D3-BF4B-00C04F79EFBC}") = "search", "search.csproj", "{08E8DD2C-A5D7-41A2-B0D8-6F151F56CB42}"
EndProject
Global
	GlobalSection(SolutionConfigurationPlatforms) = preSolution
		Debug|Any CPU = Debug|Any CPU
		Release|Any CPU = Release|Any CPU
	EndGlobalSection
	GlobalSection(ProjectConfigurationPlatforms) = postSolution
		{08E8DD2C-A5D7-41A2-B0D8-6F151F56CB42}.Debug|Any CPU.ActiveCfg = Debug|Any CPU
		{08E8DD2C-A5D7-41A2-B0D8-6F151F56CB42}.Debug|Any CPU.Build.0 = Debug|Any CPU
		{08E8DD2C-A5D7-41A2-B0D8-6F151F56CB42}.Release|Any CPU.ActiveCfg = Release|Any CPU
		{08E8DD2C-A5D7-41A2-B0D8-6F151F56CB42}.Release|Any CPU.Build.0 = Release|Any CPU
	EndGlobalSection
	GlobalSection(SolutionProperties) = preSolution
		HideSolutionNode = FALSE
	EndGlobalSection
	GlobalSection(ExtensibilityGlobals) = postSolution
		SolutionGuid = {5E802198-FA69-44E4-8321-FEA887535559}
	EndGlobalSection
EndGlobal
