
Microsoft Visual Studio Solution File, Format Version 12.00
# Visual Studio Version 16
VisualStudioVersion = 16.0.30804.86
MinimumVisualStudioVersion = 10.0.40219.1
Project("{FAE04EC0-301F-11D3-BF4B-00C04F79EFBC}") = "ClientForApi", "ClientForApi.csproj", "{913F158D-4EDE-4542-95D7-F405E9B39F62}"
EndProject
Global
	GlobalSection(SolutionConfigurationPlatforms) = preSolution
		Debug|Any CPU = Debug|Any CPU
		Release|Any CPU = Release|Any CPU
	EndGlobalSection
	GlobalSection(ProjectConfigurationPlatforms) = postSolution
		{913F158D-4EDE-4542-95D7-F405E9B39F62}.Debug|Any CPU.ActiveCfg = Debug|Any CPU
		{913F158D-4EDE-4542-95D7-F405E9B39F62}.Debug|Any CPU.Build.0 = Debug|Any CPU
		{913F158D-4EDE-4542-95D7-F405E9B39F62}.Release|Any CPU.ActiveCfg = Release|Any CPU
		{913F158D-4EDE-4542-95D7-F405E9B39F62}.Release|Any CPU.Build.0 = Release|Any CPU
	EndGlobalSection
	GlobalSection(SolutionProperties) = preSolution
		HideSolutionNode = FALSE
	EndGlobalSection
	GlobalSection(ExtensibilityGlobals) = postSolution
		SolutionGuid = {FB4C5281-0FAC-4168-AACC-97F9ECCA73CD}
	EndGlobalSection
EndGlobal
