
Microsoft Visual Studio Solution File, Format Version 12.00
# Visual Studio Version 16
VisualStudioVersion = 16.0.30804.86
MinimumVisualStudioVersion = 10.0.40219.1
Project("{FAE04EC0-301F-11D3-BF4B-00C04F79EFBC}") = "WebApiProject", "WebApiProject\WebApiProject.csproj", "{0D457CE0-C69F-4A4A-8EC8-8BD9EB53A361}"
EndProject
Global
	GlobalSection(SolutionConfigurationPlatforms) = preSolution
		Debug|Any CPU = Debug|Any CPU
		Release|Any CPU = Release|Any CPU
	EndGlobalSection
	GlobalSection(ProjectConfigurationPlatforms) = postSolution
		{0D457CE0-C69F-4A4A-8EC8-8BD9EB53A361}.Debug|Any CPU.ActiveCfg = Debug|Any CPU
		{0D457CE0-C69F-4A4A-8EC8-8BD9EB53A361}.Debug|Any CPU.Build.0 = Debug|Any CPU
		{0D457CE0-C69F-4A4A-8EC8-8BD9EB53A361}.Release|Any CPU.ActiveCfg = Release|Any CPU
		{0D457CE0-C69F-4A4A-8EC8-8BD9EB53A361}.Release|Any CPU.Build.0 = Release|Any CPU
	EndGlobalSection
	GlobalSection(SolutionProperties) = preSolution
		HideSolutionNode = FALSE
	EndGlobalSection
	GlobalSection(ExtensibilityGlobals) = postSolution
		SolutionGuid = {7F1348BD-4ADC-4E4E-8A94-84E2D2F5BB3D}
	EndGlobalSection
EndGlobal
