
Microsoft Visual Studio Solution File, Format Version 12.00
# Visual Studio Version 16
VisualStudioVersion = 16.0.30804.86
MinimumVisualStudioVersion = 10.0.40219.1
Project("{FAE04EC0-301F-11D3-BF4B-00C04F79EFBC}") = "BankprjctTest", "BankprjctTest.csproj", "{C42C4BB7-3ADF-4345-91E8-6001DEFAD3A2}"
EndProject
Project("{FAE04EC0-301F-11D3-BF4B-00C04F79EFBC}") = "BankprjctTestTests", "..\BankprjctTestTests\BankprjctTestTests.csproj", "{51114BB6-3D18-4153-8887-0C58F034F844}"
EndProject
Global
	GlobalSection(SolutionConfigurationPlatforms) = preSolution
		Debug|Any CPU = Debug|Any CPU
		Release|Any CPU = Release|Any CPU
	EndGlobalSection
	GlobalSection(ProjectConfigurationPlatforms) = postSolution
		{C42C4BB7-3ADF-4345-91E8-6001DEFAD3A2}.Debug|Any CPU.ActiveCfg = Debug|Any CPU
		{C42C4BB7-3ADF-4345-91E8-6001DEFAD3A2}.Debug|Any CPU.Build.0 = Debug|Any CPU
		{C42C4BB7-3ADF-4345-91E8-6001DEFAD3A2}.Release|Any CPU.ActiveCfg = Release|Any CPU
		{C42C4BB7-3ADF-4345-91E8-6001DEFAD3A2}.Release|Any CPU.Build.0 = Release|Any CPU
		{51114BB6-3D18-4153-8887-0C58F034F844}.Debug|Any CPU.ActiveCfg = Debug|Any CPU
		{51114BB6-3D18-4153-8887-0C58F034F844}.Debug|Any CPU.Build.0 = Debug|Any CPU
		{51114BB6-3D18-4153-8887-0C58F034F844}.Release|Any CPU.ActiveCfg = Release|Any CPU
		{51114BB6-3D18-4153-8887-0C58F034F844}.Release|Any CPU.Build.0 = Release|Any CPU
	EndGlobalSection
	GlobalSection(SolutionProperties) = preSolution
		HideSolutionNode = FALSE
	EndGlobalSection
	GlobalSection(ExtensibilityGlobals) = postSolution
		SolutionGuid = {55D4BF5F-B9D9-4A18-B80B-9AD90E0C6EC1}
	EndGlobalSection
EndGlobal
