
Microsoft Visual Studio Solution File, Format Version 12.00
# Visual Studio Version 16
VisualStudioVersion = 16.0.30804.86
MinimumVisualStudioVersion = 10.0.40219.1
Project("{FAE04EC0-301F-11D3-BF4B-00C04F79EFBC}") = "WebMVCCAL", "WebMVCCAL.csproj", "{D640B59C-5407-41CB-B3E9-D6229BFF45DC}"
EndProject
Global
	GlobalSection(SolutionConfigurationPlatforms) = preSolution
		Debug|Any CPU = Debug|Any CPU
		Release|Any CPU = Release|Any CPU
	EndGlobalSection
	GlobalSection(ProjectConfigurationPlatforms) = postSolution
		{D640B59C-5407-41CB-B3E9-D6229BFF45DC}.Debug|Any CPU.ActiveCfg = Debug|Any CPU
		{D640B59C-5407-41CB-B3E9-D6229BFF45DC}.Debug|Any CPU.Build.0 = Debug|Any CPU
		{D640B59C-5407-41CB-B3E9-D6229BFF45DC}.Release|Any CPU.ActiveCfg = Release|Any CPU
		{D640B59C-5407-41CB-B3E9-D6229BFF45DC}.Release|Any CPU.Build.0 = Release|Any CPU
	EndGlobalSection
	GlobalSection(SolutionProperties) = preSolution
		HideSolutionNode = FALSE
	EndGlobalSection
	GlobalSection(ExtensibilityGlobals) = postSolution
		SolutionGuid = {27AFD51A-2668-403B-AA8F-DF3F1E347B8B}
	EndGlobalSection
EndGlobal
